
Microsoft Visual Studio Solution File, Format Version 12.00
# Visual Studio Version 17
VisualStudioVersion = 17.8.34330.188
MinimumVisualStudioVersion = 10.0.40219.1
Project("{9A19103F-16F7-4668-BE54-9A1E7A4F7556}") = "BDSKProject", "BDSKProject\BDSKProject.csproj", "{268D8DC7-CF29-4BA0-BE10-038711D19A3C}"
EndProject
Project("{9A19103F-16F7-4668-BE54-9A1E7A4F7556}") = "Repository", "Repository\Repository.csproj", "{FD6E4BB4-05F2-49D5-A630-B9A919FD961E}"
EndProject
Project("{9A19103F-16F7-4668-BE54-9A1E7A4F7556}") = "Service", "Service\Service.csproj", "{1F1BEAE6-A9E3-4364-9EA7-F8037F94D510}"
EndProject
Project("{9A19103F-16F7-4668-BE54-9A1E7A4F7556}") = "Entities", "Entities\Entities.csproj", "{B5AFB01C-FBC1-4E16-9433-389EB58101E1}"
EndProject
Project("{FAE04EC0-301F-11D3-BF4B-00C04F79EFBC}") = "DTO", "DTO\DTO.csproj", "{A94BF5ED-1DF2-45C6-A9FF-A5D5DCB704B0}"
EndProject
Global
	GlobalSection(SolutionConfigurationPlatforms) = preSolution
		Debug|Any CPU = Debug|Any CPU
		Release|Any CPU = Release|Any CPU
	EndGlobalSection
	GlobalSection(ProjectConfigurationPlatforms) = postSolution
		{268D8DC7-CF29-4BA0-BE10-038711D19A3C}.Debug|Any CPU.ActiveCfg = Debug|Any CPU
		{268D8DC7-CF29-4BA0-BE10-038711D19A3C}.Debug|Any CPU.Build.0 = Debug|Any CPU
		{268D8DC7-CF29-4BA0-BE10-038711D19A3C}.Release|Any CPU.ActiveCfg = Release|Any CPU
		{268D8DC7-CF29-4BA0-BE10-038711D19A3C}.Release|Any CPU.Build.0 = Release|Any CPU
		{FD6E4BB4-05F2-49D5-A630-B9A919FD961E}.Debug|Any CPU.ActiveCfg = Debug|Any CPU
		{FD6E4BB4-05F2-49D5-A630-B9A919FD961E}.Debug|Any CPU.Build.0 = Debug|Any CPU
		{FD6E4BB4-05F2-49D5-A630-B9A919FD961E}.Release|Any CPU.ActiveCfg = Release|Any CPU
		{FD6E4BB4-05F2-49D5-A630-B9A919FD961E}.Release|Any CPU.Build.0 = Release|Any CPU
		{1F1BEAE6-A9E3-4364-9EA7-F8037F94D510}.Debug|Any CPU.ActiveCfg = Debug|Any CPU
		{1F1BEAE6-A9E3-4364-9EA7-F8037F94D510}.Debug|Any CPU.Build.0 = Debug|Any CPU
		{1F1BEAE6-A9E3-4364-9EA7-F8037F94D510}.Release|Any CPU.ActiveCfg = Release|Any CPU
		{1F1BEAE6-A9E3-4364-9EA7-F8037F94D510}.Release|Any CPU.Build.0 = Release|Any CPU
		{B5AFB01C-FBC1-4E16-9433-389EB58101E1}.Debug|Any CPU.ActiveCfg = Debug|Any CPU
		{B5AFB01C-FBC1-4E16-9433-389EB58101E1}.Debug|Any CPU.Build.0 = Debug|Any CPU
		{B5AFB01C-FBC1-4E16-9433-389EB58101E1}.Release|Any CPU.ActiveCfg = Release|Any CPU
		{B5AFB01C-FBC1-4E16-9433-389EB58101E1}.Release|Any CPU.Build.0 = Release|Any CPU
		{A94BF5ED-1DF2-45C6-A9FF-A5D5DCB704B0}.Debug|Any CPU.ActiveCfg = Debug|Any CPU
		{A94BF5ED-1DF2-45C6-A9FF-A5D5DCB704B0}.Debug|Any CPU.Build.0 = Debug|Any CPU
		{A94BF5ED-1DF2-45C6-A9FF-A5D5DCB704B0}.Release|Any CPU.ActiveCfg = Release|Any CPU
		{A94BF5ED-1DF2-45C6-A9FF-A5D5DCB704B0}.Release|Any CPU.Build.0 = Release|Any CPU
	EndGlobalSection
	GlobalSection(SolutionProperties) = preSolution
		HideSolutionNode = FALSE
	EndGlobalSection
	GlobalSection(ExtensibilityGlobals) = postSolution
		SolutionGuid = {52B2B8BA-8E2A-4F8C-BE4D-20D184293670}
	EndGlobalSection
EndGlobal
